// !$*UTF8*$!
{
	archiveVersion = 1;
	classes = {
	};
	objectVersion = 46;
	objects = {

/* Begin PBXBuildFile section */
		735834A51CEAAFFB00DB03BA /* AppDelegate.swift in Sources */ = {isa = PBXBuildFile; fileRef = 735834A41CEAAFFB00DB03BA /* AppDelegate.swift */; };
		735834A71CEAAFFB00DB03BA /* ViewController.swift in Sources */ = {isa = PBXBuildFile; fileRef = 735834A61CEAAFFB00DB03BA /* ViewController.swift */; };
		735834AA1CEAAFFB00DB03BA /* Main.storyboard in Resources */ = {isa = PBXBuildFile; fileRef = 735834A81CEAAFFB00DB03BA /* Main.storyboard */; };
		735834AD1CEAAFFB00DB03BA /* QRCodeScanning.xcdatamodeld in Sources */ = {isa = PBXBuildFile; fileRef = 735834AB1CEAAFFB00DB03BA /* QRCodeScanning.xcdatamodeld */; };
		735834AF1CEAAFFB00DB03BA /* Assets.xcassets in Resources */ = {isa = PBXBuildFile; fileRef = 735834AE1CEAAFFB00DB03BA /* Assets.xcassets */; };
		735834B21CEAAFFB00DB03BA /* LaunchScreen.storyboard in Resources */ = {isa = PBXBuildFile; fileRef = 735834B01CEAAFFB00DB03BA /* LaunchScreen.storyboard */; };
/* End PBXBuildFile section */

/* Begin PBXFileReference section */
		735834A11CEAAFFB00DB03BA /* QRCodeScanning.app */ = {isa = PBXFileReference; explicitFileType = wrapper.application; includeInIndex = 0; path = QRCodeScanning.app; sourceTree = BUILT_PRODUCTS_DIR; };
		735834A41CEAAFFB00DB03BA /* AppDelegate.swift */ = {isa = PBXFileReference; lastKnownFileType = sourcecode.swift; path = AppDelegate.swift; sourceTree = "<group>"; };
		735834A61CEAAFFB00DB03BA /* ViewController.swift */ = {isa = PBXFileReference; lastKnownFileType = sourcecode.swift; path = ViewController.swift; sourceTree = "<group>"; };
		735834A91CEAAFFB00DB03BA /* Base */ = {isa = PBXFileReference; lastKnownFileType = file.storyboard; name = Base; path = Base.lproj/Main.storyboard; sourceTree = "<group>"; };
		735834AC1CEAAFFB00DB03BA /* QRCodeScanning.xcdatamodel */ = {isa = PBXFileReference; lastKnownFileType = wrapper.xcdatamodel; path = QRCodeScanning.xcdatamodel; sourceTree = "<group>"; };
		735834AE1CEAAFFB00DB03BA /* Assets.xcassets */ = {isa = PBXFileReference; lastKnownFileType = folder.assetcatalog; path = Assets.xcassets; sourceTree = "<group>"; };
		735834B11CEAAFFB00DB03BA /* Base */ = {isa = PBXFileReference; lastKnownFileType = file.storyboard; name = Base; path = Base.lproj/LaunchScreen.storyboard; sourceTree = "<group>"; };
		735834B31CEAAFFB00DB03BA /* Info.plist */ = {isa = PBXFileReference; lastKnownFileType = text.plist.xml; path = Info.plist; sourceTree = "<group>"; };
/* End PBXFileReference section */

/* Begin PBXFrameworksBuildPhase section */
		7358349E1CEAAFFB00DB03BA /* Frameworks */ = {
			isa = PBXFrameworksBuildPhase;
			buildActionMask = 2147483647;
			files = (
			);
			runOnlyForDeploymentPostprocessing = 0;
		};
/* End PBXFrameworksBuildPhase section */

/* Begin PBXGroup section */
		735834981CEAAFFB00DB03BA = {
			isa = PBXGroup;
			children = (
				735834A31CEAAFFB00DB03BA /* QRCodeScanning */,
				735834A21CEAAFFB00DB03BA /* Products */,
			);
			sourceTree = "<group>";
		};
		735834A21CEAAFFB00DB03BA /* Products */ = {
			isa = PBXGroup;
			children = (
				735834A11CEAAFFB00DB03BA /* QRCodeScanning.app */,
			);
			name = Products;
			sourceTree = "<group>";
		};
		735834A31CEAAFFB00DB03BA /* QRCodeScanning */ = {
			isa = PBXGroup;
			children = (
				735834A41CEAAFFB00DB03BA /* AppDelegate.swift */,
				735834A61CEAAFFB00DB03BA /* ViewController.swift */,
				735834A81CEAAFFB00DB03BA /* Main.storyboard */,
				735834AE1CEAAFFB00DB03BA /* Assets.xcassets */,
				735834B01CEAAFFB00DB03BA /* LaunchScreen.storyboard */,
				735834B31CEAAFFB00DB03BA /* Info.plist */,
				735834AB1CEAAFFB00DB03BA /* QRCodeScanning.xcdatamodeld */,
			);
			path = QRCodeScanning;
			sourceTree = "<group>";
		};
/* End PBXGroup section */

/* Begin PBXNativeTarget section */
		735834A01CEAAFFB00DB03BA /* QRCodeScanning */ = {
			isa = PBXNativeTarget;
			buildConfigurationList = 735834B61CEAAFFB00DB03BA /* Build configuration list for PBXNativeTarget "QRCodeScanning" */;
			buildPhases = (
				7358349D1CEAAFFB00DB03BA /* Sources */,
				7358349E1CEAAFFB00DB03BA /* Frameworks */,
				7358349F1CEAAFFB00DB03BA /* Resources */,
			);
			buildRules = (
			);
			dependencies = (
			);
			name = QRCodeScanning;
			productName = QRCodeScanning;
			productReference = 735834A11CEAAFFB00DB03BA /* QRCodeScanning.app */;
			productType = "com.apple.product-type.application";
		};
/* End PBXNativeTarget section */

/* Begin PBXProject section */
		735834991CEAAFFB00DB03BA /* Project object */ = {
			isa = PBXProject;
			attributes = {
				LastSwiftUpdateCheck = 0730;
				LastUpgradeCheck = 0730;
				ORGANIZATIONNAME = "温仲斌";
				TargetAttributes = {
					735834A01CEAAFFB00DB03BA = {
						CreatedOnToolsVersion = 7.3;
						DevelopmentTeam = 6GMAX85SJ3;
					};
				};
			};
			buildConfigurationList = 7358349C1CEAAFFB00DB03BA /* Build configuration list for PBXProject "QRCodeScanning" */;
			compatibilityVersion = "Xcode 3.2";
			developmentRegion = English;
			hasScannedForEncodings = 0;
			knownRegions = (
				en,
				Base,
			);
			mainGroup = 735834981CEAAFFB00DB03BA;
			productRefGroup = 735834A21CEAAFFB00DB03BA /* Products */;
			projectDirPath = "";
			projectRoot = "";
			targets = (
				735834A01CEAAFFB00DB03BA /* QRCodeScanning */,
			);
		};
/* End PBXProject section */

/* Begin PBXResourcesBuildPhase section */
		7358349F1CEAAFFB00DB03BA /* Resources */ = {
			isa = PBXResourcesBuildPhase;
			buildActionMask = 2147483647;
			files = (
				735834B21CEAAFFB00DB03BA /* LaunchScreen.storyboard in Resources */,
				735834AF1CEAAFFB00DB03BA /* Assets.xcassets in Resources */,
				735834AA1CEAAFFB00DB03BA /* Main.storyboard in Resources */,
			);
			runOnlyForDeploymentPostprocessing = 0;
		};
/* End PBXResourcesBuildPhase section */

/* Begin PBXSourcesBuildPhase section */
		7358349D1CEAAFFB00DB03BA /* Sources */ = {
			isa = PBXSourcesBuildPhase;
			buildActionMask = 2147483647;
			files = (
				735834A71CEAAFFB00DB03BA /* ViewController.swift in Sources */,
				735834AD1CEAAFFB00DB03BA /* QRCodeScanning.xcdatamodeld in Sources */,
				735834A51CEAAFFB00DB03BA /* AppDelegate.swift in Sources */,
			);
			runOnlyForDeploymentPostprocessing = 0;
		};
/* End PBXSourcesBuildPhase section */

/* Begin PBXVariantGroup section */
		735834A81CEAAFFB00DB03BA /* Main.storyboard */ = {
			isa = PBXVariantGroup;
			children = (
				735834A91CEAAFFB00DB03BA /* Base */,
			);
			name = Main.storyboard;
			sourceTree = "<group>";
		};
		735834B01CEAAFFB00DB03BA /* LaunchScreen.storyboard */ = {
			isa = PBXVariantGroup;
			children = (
				735834B11CEAAFFB00DB03BA /* Base */,
			);
			name = LaunchScreen.storyboard;
			sourceTree = "<group>";
		};
/* End PBXVariantGroup section */

/* Begin XCBuildConfiguration section */
		735834B41CEAAFFB00DB03BA /* Debug */ = {
			isa = XCBuildConfiguration;
			buildSettings = {
				ALWAYS_SEARCH_USER_PATHS = NO;
				CLANG_ANALYZER_NONNULL = YES;
				CLANG_CXX_LANGUAGE_STANDARD = "gnu++0x";
				CLANG_CXX_LIBRARY = "libc++";
				CLANG_ENABLE_MODULES = YES;
				CLANG_ENABLE_OBJC_ARC = YES;
				CLANG_WARN_BOOL_CONVERSION = YES;
				CLANG_WARN_CONSTANT_CONVERSION = YES;
				CLANG_WARN_DIRECT_OBJC_ISA_USAGE = YES_ERROR;
				CLANG_WARN_EMPTY_BODY = YES;
				CLANG_WARN_ENUM_CONVERSION = YES;
				CLANG_WARN_INT_CONVERSION = YES;
				CLANG_WARN_OBJC_ROOT_CLASS = YES_ERROR;
				CLANG_WARN_UNREACHABLE_CODE = YES;
				CLANG_WARN__DUPLICATE_METHOD_MATCH = YES;
				"CODE_SIGN_IDENTITY[sdk=iphoneos*]" = "iPhone Developer";
				COPY_PHASE_STRIP = NO;
				DEBUG_INFORMATION_FORMAT = dwarf;
				ENABLE_STRICT_OBJC_MSGSEND = YES;
				ENABLE_TESTABILITY = YES;
				GCC_C_LANGUAGE_STANDARD = gnu99;
				GCC_DYNAMIC_NO_PIC = NO;
				GCC_NO_COMMON_BLOCKS = YES;
				GCC_OPTIMIZATION_LEVEL = 0;
				GCC_PREPROCESSOR_DEFINITIONS = (
					"DEBUG=1",
					"$(inherited)",
				);
				GCC_WARN_64_TO_32_BIT_CONVERSION = YES;
				GCC_WARN_ABOUT_RETURN_TYPE = YES_ERROR;
				GCC_WARN_UNDECLARED_SELECTOR = YES;
				GCC_WARN_UNINITIALIZED_AUTOS = YES_AGGRESSIVE;
				GCC_WARN_UNUSED_FUNCTION = YES;
				GCC_WARN_UNUSED_VARIABLE = YES;
				IPHONEOS_DEPLOYMENT_TARGET = 9.3;
				MTL_ENABLE_DEBUG_INFO = YES;
				ONLY_ACTIVE_ARCH = YES;
				SDKROOT = iphoneos;
				SWIFT_OPTIMIZATION_LEVEL = "-Onone";
				TARGETED_DEVICE_FAMILY = "1,2";
			};
			name = Debug;
		};
		735834B51CEAAFFB00DB03BA /* Release */ = {
			isa = XCBuildConfiguration;
			buildSettings = {
				ALWAYS_SEARCH_USER_PATHS = NO;
				CLANG_ANALYZER_NONNULL = YES;
				CLANG_CXX_LANGUAGE_STANDARD = "gnu++0x";
				CLANG_CXX_LIBRARY = "libc++";
				CLANG_ENABLE_MODULES = YES;
				CLANG_ENABLE_OBJC_ARC = YES;
				CLANG_WARN_BOOL_CONVERSION = YES;
				CLANG_WARN_CONSTANT_CONVERSION = YES;
				CLANG_WARN_DIRECT_OBJC_ISA_USAGE = YES_ERROR;
				CLANG_WARN_EMPTY_BODY = YES;
				CLANG_WARN_ENUM_CONVERSION = YES;
				CLANG_WARN_INT_CONVERSION = YES;
				CLANG_WARN_OBJC_ROOT_CLASS = YES_ERROR;
				CLANG_WARN_UNREACHABLE_CODE = YES;
				CLANG_WARN__DUPLICATE_METHOD_MATCH = YES;
				"CODE_SIGN_IDENTITY[sdk=iphoneos*]" = "iPhone Developer";
				COPY_PHASE_STRIP = NO;
				DEBUG_INFORMATION_FORMAT = "dwarf-with-dsym";
				ENABLE_NS_ASSERTIONS = NO;
				ENABLE_STRICT_OBJC_MSGSEND = YES;
				GCC_C_LANGUAGE_STANDARD = gnu99;
				GCC_NO_COMMON_BLOCKS = YES;
				GCC_WARN_64_TO_32_BIT_CONVERSION = YES;
				GCC_WARN_ABOUT_RETURN_TYPE = YES_ERROR;
				GCC_WARN_UNDECLARED_SELECTOR = YES;
				GCC_WARN_UNINITIALIZED_AUTOS = YES_AGGRESSIVE;
				GCC_WARN_UNUSED_FUNCTION = YES;
				GCC_WARN_UNUSED_VARIABLE = YES;
				IPHONEOS_DEPLOYMENT_TARGET = 9.3;
				MTL_ENABLE_DEBUG_INFO = NO;
				SDKROOT = iphoneos;
				TARGETED_DEVICE_FAMILY = "1,2";
				VALIDATE_PRODUCT = YES;
			};
			name = Release;
		};
		735834B71CEAAFFB00DB03BA /* Debug */ = {
			isa = XCBuildConfiguration;
			buildSettings = {
				ASSETCATALOG_COMPILER_APPICON_NAME = AppIcon;
				INFOPLIST_FILE = QRCodeScanning/Info.plist;
				LD_RUNPATH_SEARCH_PATHS = "$(inherited) @executable_path/Frameworks";
				PRODUCT_BUNDLE_IDENTIFIER = wenzhongbin.QRCodeScanning;
				PRODUCT_NAME = "$(TARGET_NAME)";
			};
			name = Debug;
		};
		735834B81CEAAFFB00DB03BA /* Release */ = {
			isa = XCBuildConfiguration;
			buildSettings = {
				ASSETCATALOG_COMPILER_APPICON_NAME = AppIcon;
				INFOPLIST_FILE = QRCodeScanning/Info.plist;
				LD_RUNPATH_SEARCH_PATHS = "$(inherited) @executable_path/Frameworks";
				PRODUCT_BUNDLE_IDENTIFIER = wenzhongbin.QRCodeScanning;
				PRODUCT_NAME = "$(TARGET_NAME)";
			};
			name = Release;
		};
/* End XCBuildConfiguration section */

/* Begin XCConfigurationList section */
		7358349C1CEAAFFB00DB03BA /* Build configuration list for PBXProject "QRCodeScanning" */ = {
			isa = XCConfigurationList;
			buildConfigurations = (
				735834B41CEAAFFB00DB03BA /* Debug */,
				735834B51CEAAFFB00DB03BA /* Release */,
			);
			defaultConfigurationIsVisible = 0;
			defaultConfigurationName = Release;
		};
		735834B61CEAAFFB00DB03BA /* Build configuration list for PBXNativeTarget "QRCodeScanning" */ = {
			isa = XCConfigurationList;
			buildConfigurations = (
				735834B71CEAAFFB00DB03BA /* Debug */,
				735834B81CEAAFFB00DB03BA /* Release */,
			);
			defaultConfigurationIsVisible = 0;
		};
/* End XCConfigurationList section */

/* Begin XCVersionGroup section */
		735834AB1CEAAFFB00DB03BA /* QRCodeScanning.xcdatamodeld */ = {
			isa = XCVersionGroup;
			children = (
				735834AC1CEAAFFB00DB03BA /* QRCodeScanning.xcdatamodel */,
			);
			currentVersion = 735834AC1CEAAFFB00DB03BA /* QRCodeScanning.xcdatamodel */;
			path = QRCodeScanning.xcdatamodeld;
			sourceTree = "<group>";
			versionGroupType = wrapper.xcdatamodel;
		};
/* End XCVersionGroup section */
	};
	rootObject = 735834991CEAAFFB00DB03BA /* Project object */;
}
