// !$*UTF8*$!
{
	archiveVersion = 1;
	classes = {
	};
	objectVersion = 46;
	objects = {

/* Begin PBXBuildFile section */
		73403E1F1CED5A4700930A15 /* WebViewController.swift in Sources */ = {isa = PBXBuildFile; fileRef = 73403E1E1CED5A4700930A15 /* WebViewController.swift */; };
		73403E4C1CEDB42400930A15 /* AssetsLibrary.framework in Frameworks */ = {isa = PBXBuildFile; fileRef = 73403E4B1CEDB42400930A15 /* AssetsLibrary.framework */; };
		73403EAA1CEDBB5200930A15 /* PopUpView.swift in Sources */ = {isa = PBXBuildFile; fileRef = 73403E991CEDBB5200930A15 /* PopUpView.swift */; };
		73403EAB1CEDBB5200930A15 /* HerdViewCell.swift in Sources */ = {isa = PBXBuildFile; fileRef = 73403E9A1CEDBB5200930A15 /* HerdViewCell.swift */; };
		73403EAC1CEDBB5200930A15 /* HerdCollectionViewFlowLayout.swift in Sources */ = {isa = PBXBuildFile; fileRef = 73403E9B1CEDBB5200930A15 /* HerdCollectionViewFlowLayout.swift */; };
		73403EAD1CEDBB5300930A15 /* PhotoCell.swift in Sources */ = {isa = PBXBuildFile; fileRef = 73403E9C1CEDBB5200930A15 /* PhotoCell.swift */; };
		73403EAE1CEDBB5300930A15 /* PhotoAlbumMamager.swift in Sources */ = {isa = PBXBuildFile; fileRef = 73403E9D1CEDBB5200930A15 /* PhotoAlbumMamager.swift */; };
		73403EAF1CEDBB5300930A15 /* PhotoGroupViewController.swift in Sources */ = {isa = PBXBuildFile; fileRef = 73403E9E1CEDBB5200930A15 /* PhotoGroupViewController.swift */; };
		73403EB01CEDBB5300930A15 /* PhotoCollectionViewController.swift in Sources */ = {isa = PBXBuildFile; fileRef = 73403E9F1CEDBB5200930A15 /* PhotoCollectionViewController.swift */; };
		73403EB11CEDBB5300930A15 /* ButtonCell.swift in Sources */ = {isa = PBXBuildFile; fileRef = 73403EA01CEDBB5200930A15 /* ButtonCell.swift */; };
		73403EB21CEDBB5300930A15 /* GroupPhotoCell.swift in Sources */ = {isa = PBXBuildFile; fileRef = 73403EA11CEDBB5200930A15 /* GroupPhotoCell.swift */; };
		73403EB31CEDBB5300930A15 /* PhotoBrowseViewController.swift in Sources */ = {isa = PBXBuildFile; fileRef = 73403EA21CEDBB5200930A15 /* PhotoBrowseViewController.swift */; };
		73403EB41CEDBB5300930A15 /* BrowseCollectionViewLayout.swift in Sources */ = {isa = PBXBuildFile; fileRef = 73403EA31CEDBB5200930A15 /* BrowseCollectionViewLayout.swift */; };
		73403EB51CEDBB5300930A15 /* BrowseCell.swift in Sources */ = {isa = PBXBuildFile; fileRef = 73403EA41CEDBB5200930A15 /* BrowseCell.swift */; };
		73403EB61CEDBB5300930A15 /* BrowseCell.xib in Resources */ = {isa = PBXBuildFile; fileRef = 73403EA51CEDBB5200930A15 /* BrowseCell.xib */; };
		73403EB71CEDBB5300930A15 /* GroupPhotoCell.xib in Resources */ = {isa = PBXBuildFile; fileRef = 73403EA61CEDBB5200930A15 /* GroupPhotoCell.xib */; };
		73403EB81CEDBB5300930A15 /* ButtonCell.xib in Resources */ = {isa = PBXBuildFile; fileRef = 73403EA71CEDBB5200930A15 /* ButtonCell.xib */; };
		73403EB91CEDBB5300930A15 /* HerdViewCell.xib in Resources */ = {isa = PBXBuildFile; fileRef = 73403EA81CEDBB5200930A15 /* HerdViewCell.xib */; };
		73403EBA1CEDBB5300930A15 /* PhotoCell.xib in Resources */ = {isa = PBXBuildFile; fileRef = 73403EA91CEDBB5200930A15 /* PhotoCell.xib */; };
		735834A51CEAAFFB00DB03BA /* AppDelegate.swift in Sources */ = {isa = PBXBuildFile; fileRef = 735834A41CEAAFFB00DB03BA /* AppDelegate.swift */; };
		735834A71CEAAFFB00DB03BA /* ViewController.swift in Sources */ = {isa = PBXBuildFile; fileRef = 735834A61CEAAFFB00DB03BA /* ViewController.swift */; };
		735834AA1CEAAFFB00DB03BA /* Main.storyboard in Resources */ = {isa = PBXBuildFile; fileRef = 735834A81CEAAFFB00DB03BA /* Main.storyboard */; };
		735834AD1CEAAFFB00DB03BA /* QRCodeScanning.xcdatamodeld in Sources */ = {isa = PBXBuildFile; fileRef = 735834AB1CEAAFFB00DB03BA /* QRCodeScanning.xcdatamodeld */; };
		735834AF1CEAAFFB00DB03BA /* Assets.xcassets in Resources */ = {isa = PBXBuildFile; fileRef = 735834AE1CEAAFFB00DB03BA /* Assets.xcassets */; };
		735834B21CEAAFFB00DB03BA /* LaunchScreen.storyboard in Resources */ = {isa = PBXBuildFile; fileRef = 735834B01CEAAFFB00DB03BA /* LaunchScreen.storyboard */; };
		735834BA1CEAB08800DB03BA /* QRXodeScanningView.swift in Sources */ = {isa = PBXBuildFile; fileRef = 735834B91CEAB08800DB03BA /* QRXodeScanningView.swift */; };
		B675C1AC95AEAC3DF093D4E2 /* libPods.a in Frameworks */ = {isa = PBXBuildFile; fileRef = 756C006EB215232624400D02 /* libPods.a */; };
/* End PBXBuildFile section */

/* Begin PBXFileReference section */
		33F8E69DC37FAB1A470B4743 /* Pods.release.xcconfig */ = {isa = PBXFileReference; includeInIndex = 1; lastKnownFileType = text.xcconfig; name = Pods.release.xcconfig; path = "Pods/Target Support Files/Pods/Pods.release.xcconfig"; sourceTree = "<group>"; };
		73403E1E1CED5A4700930A15 /* WebViewController.swift */ = {isa = PBXFileReference; fileEncoding = 4; lastKnownFileType = sourcecode.swift; path = WebViewController.swift; sourceTree = "<group>"; };
		73403E4B1CEDB42400930A15 /* AssetsLibrary.framework */ = {isa = PBXFileReference; lastKnownFileType = wrapper.framework; name = AssetsLibrary.framework; path = System/Library/Frameworks/AssetsLibrary.framework; sourceTree = SDKROOT; };
		73403E991CEDBB5200930A15 /* PopUpView.swift */ = {isa = PBXFileReference; fileEncoding = 4; lastKnownFileType = sourcecode.swift; path = PopUpView.swift; sourceTree = "<group>"; };
		73403E9A1CEDBB5200930A15 /* HerdViewCell.swift */ = {isa = PBXFileReference; fileEncoding = 4; lastKnownFileType = sourcecode.swift; path = HerdViewCell.swift; sourceTree = "<group>"; };
		73403E9B1CEDBB5200930A15 /* HerdCollectionViewFlowLayout.swift */ = {isa = PBXFileReference; fileEncoding = 4; lastKnownFileType = sourcecode.swift; path = HerdCollectionViewFlowLayout.swift; sourceTree = "<group>"; };
		73403E9C1CEDBB5200930A15 /* PhotoCell.swift */ = {isa = PBXFileReference; fileEncoding = 4; lastKnownFileType = sourcecode.swift; path = PhotoCell.swift; sourceTree = "<group>"; };
		73403E9D1CEDBB5200930A15 /* PhotoAlbumMamager.swift */ = {isa = PBXFileReference; fileEncoding = 4; lastKnownFileType = sourcecode.swift; path = PhotoAlbumMamager.swift; sourceTree = "<group>"; };
		73403E9E1CEDBB5200930A15 /* PhotoGroupViewController.swift */ = {isa = PBXFileReference; fileEncoding = 4; lastKnownFileType = sourcecode.swift; path = PhotoGroupViewController.swift; sourceTree = "<group>"; };
		73403E9F1CEDBB5200930A15 /* PhotoCollectionViewController.swift */ = {isa = PBXFileReference; fileEncoding = 4; lastKnownFileType = sourcecode.swift; path = PhotoCollectionViewController.swift; sourceTree = "<group>"; };
		73403EA01CEDBB5200930A15 /* ButtonCell.swift */ = {isa = PBXFileReference; fileEncoding = 4; lastKnownFileType = sourcecode.swift; path = ButtonCell.swift; sourceTree = "<group>"; };
		73403EA11CEDBB5200930A15 /* GroupPhotoCell.swift */ = {isa = PBXFileReference; fileEncoding = 4; lastKnownFileType = sourcecode.swift; path = GroupPhotoCell.swift; sourceTree = "<group>"; };
		73403EA21CEDBB5200930A15 /* PhotoBrowseViewController.swift */ = {isa = PBXFileReference; fileEncoding = 4; lastKnownFileType = sourcecode.swift; path = PhotoBrowseViewController.swift; sourceTree = "<group>"; };
		73403EA31CEDBB5200930A15 /* BrowseCollectionViewLayout.swift */ = {isa = PBXFileReference; fileEncoding = 4; lastKnownFileType = sourcecode.swift; path = BrowseCollectionViewLayout.swift; sourceTree = "<group>"; };
		73403EA41CEDBB5200930A15 /* BrowseCell.swift */ = {isa = PBXFileReference; fileEncoding = 4; lastKnownFileType = sourcecode.swift; path = BrowseCell.swift; sourceTree = "<group>"; };
		73403EA51CEDBB5200930A15 /* BrowseCell.xib */ = {isa = PBXFileReference; fileEncoding = 4; lastKnownFileType = file.xib; path = BrowseCell.xib; sourceTree = "<group>"; };
		73403EA61CEDBB5200930A15 /* GroupPhotoCell.xib */ = {isa = PBXFileReference; fileEncoding = 4; lastKnownFileType = file.xib; path = GroupPhotoCell.xib; sourceTree = "<group>"; };
		73403EA71CEDBB5200930A15 /* ButtonCell.xib */ = {isa = PBXFileReference; fileEncoding = 4; lastKnownFileType = file.xib; path = ButtonCell.xib; sourceTree = "<group>"; };
		73403EA81CEDBB5200930A15 /* HerdViewCell.xib */ = {isa = PBXFileReference; fileEncoding = 4; lastKnownFileType = file.xib; path = HerdViewCell.xib; sourceTree = "<group>"; };
		73403EA91CEDBB5200930A15 /* PhotoCell.xib */ = {isa = PBXFileReference; fileEncoding = 4; lastKnownFileType = file.xib; path = PhotoCell.xib; sourceTree = "<group>"; };
		735834A11CEAAFFB00DB03BA /* QRCodeScanning.app */ = {isa = PBXFileReference; explicitFileType = wrapper.application; includeInIndex = 0; path = QRCodeScanning.app; sourceTree = BUILT_PRODUCTS_DIR; };
		735834A41CEAAFFB00DB03BA /* AppDelegate.swift */ = {isa = PBXFileReference; lastKnownFileType = sourcecode.swift; path = AppDelegate.swift; sourceTree = "<group>"; };
		735834A61CEAAFFB00DB03BA /* ViewController.swift */ = {isa = PBXFileReference; lastKnownFileType = sourcecode.swift; path = ViewController.swift; sourceTree = "<group>"; };
		735834A91CEAAFFB00DB03BA /* Base */ = {isa = PBXFileReference; lastKnownFileType = file.storyboard; name = Base; path = Base.lproj/Main.storyboard; sourceTree = "<group>"; };
		735834AC1CEAAFFB00DB03BA /* QRCodeScanning.xcdatamodel */ = {isa = PBXFileReference; lastKnownFileType = wrapper.xcdatamodel; path = QRCodeScanning.xcdatamodel; sourceTree = "<group>"; };
		735834AE1CEAAFFB00DB03BA /* Assets.xcassets */ = {isa = PBXFileReference; lastKnownFileType = folder.assetcatalog; path = Assets.xcassets; sourceTree = "<group>"; };
		735834B11CEAAFFB00DB03BA /* Base */ = {isa = PBXFileReference; lastKnownFileType = file.storyboard; name = Base; path = Base.lproj/LaunchScreen.storyboard; sourceTree = "<group>"; };
		735834B31CEAAFFB00DB03BA /* Info.plist */ = {isa = PBXFileReference; lastKnownFileType = text.plist.xml; path = Info.plist; sourceTree = "<group>"; };
		735834B91CEAB08800DB03BA /* QRXodeScanningView.swift */ = {isa = PBXFileReference; fileEncoding = 4; lastKnownFileType = sourcecode.swift; path = QRXodeScanningView.swift; sourceTree = "<group>"; };
		756C006EB215232624400D02 /* libPods.a */ = {isa = PBXFileReference; explicitFileType = archive.ar; includeInIndex = 0; path = libPods.a; sourceTree = BUILT_PRODUCTS_DIR; };
		FDA36534AE7071ACB7967460 /* Pods.debug.xcconfig */ = {isa = PBXFileReference; includeInIndex = 1; lastKnownFileType = text.xcconfig; name = Pods.debug.xcconfig; path = "Pods/Target Support Files/Pods/Pods.debug.xcconfig"; sourceTree = "<group>"; };
/* End PBXFileReference section */

/* Begin PBXFrameworksBuildPhase section */
		7358349E1CEAAFFB00DB03BA /* Frameworks */ = {
			isa = PBXFrameworksBuildPhase;
			buildActionMask = 2147483647;
			files = (
				73403E4C1CEDB42400930A15 /* AssetsLibrary.framework in Frameworks */,
				B675C1AC95AEAC3DF093D4E2 /* libPods.a in Frameworks */,
			);
			runOnlyForDeploymentPostprocessing = 0;
		};
/* End PBXFrameworksBuildPhase section */

/* Begin PBXGroup section */
		57D9EEF4902274B5E3C06B68 /* Pods */ = {
			isa = PBXGroup;
			children = (
				FDA36534AE7071ACB7967460 /* Pods.debug.xcconfig */,
				33F8E69DC37FAB1A470B4743 /* Pods.release.xcconfig */,
			);
			name = Pods;
			sourceTree = "<group>";
		};
		73403E201CEDB28B00930A15 /* 照片选择 */ = {
			isa = PBXGroup;
			children = (
				73403E991CEDBB5200930A15 /* PopUpView.swift */,
				73403E9A1CEDBB5200930A15 /* HerdViewCell.swift */,
				73403E9B1CEDBB5200930A15 /* HerdCollectionViewFlowLayout.swift */,
				73403E9C1CEDBB5200930A15 /* PhotoCell.swift */,
				73403E9D1CEDBB5200930A15 /* PhotoAlbumMamager.swift */,
				73403E9E1CEDBB5200930A15 /* PhotoGroupViewController.swift */,
				73403E9F1CEDBB5200930A15 /* PhotoCollectionViewController.swift */,
				73403EA01CEDBB5200930A15 /* ButtonCell.swift */,
				73403EA11CEDBB5200930A15 /* GroupPhotoCell.swift */,
				73403EA21CEDBB5200930A15 /* PhotoBrowseViewController.swift */,
				73403EA31CEDBB5200930A15 /* BrowseCollectionViewLayout.swift */,
				73403EA41CEDBB5200930A15 /* BrowseCell.swift */,
				73403EA51CEDBB5200930A15 /* BrowseCell.xib */,
				73403EA61CEDBB5200930A15 /* GroupPhotoCell.xib */,
				73403EA71CEDBB5200930A15 /* ButtonCell.xib */,
				73403EA81CEDBB5200930A15 /* HerdViewCell.xib */,
				73403EA91CEDBB5200930A15 /* PhotoCell.xib */,
			);
			path = "照片选择";
			sourceTree = "<group>";
		};
		735834981CEAAFFB00DB03BA = {
			isa = PBXGroup;
			children = (
				73403E4B1CEDB42400930A15 /* AssetsLibrary.framework */,
				735834A31CEAAFFB00DB03BA /* QRCodeScanning */,
				735834A21CEAAFFB00DB03BA /* Products */,
				57D9EEF4902274B5E3C06B68 /* Pods */,
				C6799CB29ABB2946E7F0D092 /* Frameworks */,
			);
			sourceTree = "<group>";
		};
		735834A21CEAAFFB00DB03BA /* Products */ = {
			isa = PBXGroup;
			children = (
				735834A11CEAAFFB00DB03BA /* QRCodeScanning.app */,
			);
			name = Products;
			sourceTree = "<group>";
		};
		735834A31CEAAFFB00DB03BA /* QRCodeScanning */ = {
			isa = PBXGroup;
			children = (
				73403E201CEDB28B00930A15 /* 照片选择 */,
				735834A41CEAAFFB00DB03BA /* AppDelegate.swift */,
				735834A61CEAAFFB00DB03BA /* ViewController.swift */,
				735834B91CEAB08800DB03BA /* QRXodeScanningView.swift */,
				73403E1E1CED5A4700930A15 /* WebViewController.swift */,
				735834A81CEAAFFB00DB03BA /* Main.storyboard */,
				735834AE1CEAAFFB00DB03BA /* Assets.xcassets */,
				735834B01CEAAFFB00DB03BA /* LaunchScreen.storyboard */,
				735834B31CEAAFFB00DB03BA /* Info.plist */,
				735834AB1CEAAFFB00DB03BA /* QRCodeScanning.xcdatamodeld */,
			);
			path = QRCodeScanning;
			sourceTree = "<group>";
		};
		C6799CB29ABB2946E7F0D092 /* Frameworks */ = {
			isa = PBXGroup;
			children = (
				756C006EB215232624400D02 /* libPods.a */,
			);
			name = Frameworks;
			sourceTree = "<group>";
		};
/* End PBXGroup section */

/* Begin PBXNativeTarget section */
		735834A01CEAAFFB00DB03BA /* QRCodeScanning */ = {
			isa = PBXNativeTarget;
			buildConfigurationList = 735834B61CEAAFFB00DB03BA /* Build configuration list for PBXNativeTarget "QRCodeScanning" */;
			buildPhases = (
				92EF76D1C7AAE4BE3954584A /* Check Pods Manifest.lock */,
				7358349D1CEAAFFB00DB03BA /* Sources */,
				7358349E1CEAAFFB00DB03BA /* Frameworks */,
				7358349F1CEAAFFB00DB03BA /* Resources */,
				70BCA6E7C1D30A3796A57F07 /* Embed Pods Frameworks */,
				E318015374C9DA614FA301AD /* Copy Pods Resources */,
			);
			buildRules = (
			);
			dependencies = (
			);
			name = QRCodeScanning;
			productName = QRCodeScanning;
			productReference = 735834A11CEAAFFB00DB03BA /* QRCodeScanning.app */;
			productType = "com.apple.product-type.application";
		};
/* End PBXNativeTarget section */

/* Begin PBXProject section */
		735834991CEAAFFB00DB03BA /* Project object */ = {
			isa = PBXProject;
			attributes = {
				LastSwiftUpdateCheck = 0730;
				LastUpgradeCheck = 0730;
				ORGANIZATIONNAME = "温仲斌";
				TargetAttributes = {
					735834A01CEAAFFB00DB03BA = {
						CreatedOnToolsVersion = 7.3;
						DevelopmentTeam = 9CJP9J82HZ;
					};
				};
			};
			buildConfigurationList = 7358349C1CEAAFFB00DB03BA /* Build configuration list for PBXProject "QRCodeScanning" */;
			compatibilityVersion = "Xcode 3.2";
			developmentRegion = English;
			hasScannedForEncodings = 0;
			knownRegions = (
				en,
				Base,
			);
			mainGroup = 735834981CEAAFFB00DB03BA;
			productRefGroup = 735834A21CEAAFFB00DB03BA /* Products */;
			projectDirPath = "";
			projectRoot = "";
			targets = (
				735834A01CEAAFFB00DB03BA /* QRCodeScanning */,
			);
		};
/* End PBXProject section */

/* Begin PBXResourcesBuildPhase section */
		7358349F1CEAAFFB00DB03BA /* Resources */ = {
			isa = PBXResourcesBuildPhase;
			buildActionMask = 2147483647;
			files = (
				73403EBA1CEDBB5300930A15 /* PhotoCell.xib in Resources */,
				73403EB71CEDBB5300930A15 /* GroupPhotoCell.xib in Resources */,
				735834B21CEAAFFB00DB03BA /* LaunchScreen.storyboard in Resources */,
				73403EB61CEDBB5300930A15 /* BrowseCell.xib in Resources */,
				73403EB81CEDBB5300930A15 /* ButtonCell.xib in Resources */,
				735834AF1CEAAFFB00DB03BA /* Assets.xcassets in Resources */,
				735834AA1CEAAFFB00DB03BA /* Main.storyboard in Resources */,
				73403EB91CEDBB5300930A15 /* HerdViewCell.xib in Resources */,
			);
			runOnlyForDeploymentPostprocessing = 0;
		};
/* End PBXResourcesBuildPhase section */

/* Begin PBXShellScriptBuildPhase section */
		70BCA6E7C1D30A3796A57F07 /* Embed Pods Frameworks */ = {
			isa = PBXShellScriptBuildPhase;
			buildActionMask = 2147483647;
			files = (
			);
			inputPaths = (
			);
			name = "Embed Pods Frameworks";
			outputPaths = (
			);
			runOnlyForDeploymentPostprocessing = 0;
			shellPath = /bin/sh;
			shellScript = "\"${SRCROOT}/Pods/Target Support Files/Pods/Pods-frameworks.sh\"\n";
			showEnvVarsInLog = 0;
		};
		92EF76D1C7AAE4BE3954584A /* Check Pods Manifest.lock */ = {
			isa = PBXShellScriptBuildPhase;
			buildActionMask = 2147483647;
			files = (
			);
			inputPaths = (
			);
			name = "Check Pods Manifest.lock";
			outputPaths = (
			);
			runOnlyForDeploymentPostprocessing = 0;
			shellPath = /bin/sh;
			shellScript = "diff \"${PODS_ROOT}/../Podfile.lock\" \"${PODS_ROOT}/Manifest.lock\" > /dev/null\nif [[ $? != 0 ]] ; then\n    cat << EOM\nerror: The sandbox is not in sync with the Podfile.lock. Run 'pod install' or update your CocoaPods installation.\nEOM\n    exit 1\nfi\n";
			showEnvVarsInLog = 0;
		};
		E318015374C9DA614FA301AD /* Copy Pods Resources */ = {
			isa = PBXShellScriptBuildPhase;
			buildActionMask = 2147483647;
			files = (
			);
			inputPaths = (
			);
			name = "Copy Pods Resources";
			outputPaths = (
			);
			runOnlyForDeploymentPostprocessing = 0;
			shellPath = /bin/sh;
			shellScript = "\"${SRCROOT}/Pods/Target Support Files/Pods/Pods-resources.sh\"\n";
			showEnvVarsInLog = 0;
		};
/* End PBXShellScriptBuildPhase section */

/* Begin PBXSourcesBuildPhase section */
		7358349D1CEAAFFB00DB03BA /* Sources */ = {
			isa = PBXSourcesBuildPhase;
			buildActionMask = 2147483647;
			files = (
				73403EAB1CEDBB5200930A15 /* HerdViewCell.swift in Sources */,
				73403EB11CEDBB5300930A15 /* ButtonCell.swift in Sources */,
				73403EAD1CEDBB5300930A15 /* PhotoCell.swift in Sources */,
				73403EB31CEDBB5300930A15 /* PhotoBrowseViewController.swift in Sources */,
				73403EB41CEDBB5300930A15 /* BrowseCollectionViewLayout.swift in Sources */,
				73403EAC1CEDBB5200930A15 /* HerdCollectionViewFlowLayout.swift in Sources */,
				73403EB21CEDBB5300930A15 /* GroupPhotoCell.swift in Sources */,
				735834A71CEAAFFB00DB03BA /* ViewController.swift in Sources */,
				735834AD1CEAAFFB00DB03BA /* QRCodeScanning.xcdatamodeld in Sources */,
				735834BA1CEAB08800DB03BA /* QRXodeScanningView.swift in Sources */,
				73403EAF1CEDBB5300930A15 /* PhotoGroupViewController.swift in Sources */,
				73403EB01CEDBB5300930A15 /* PhotoCollectionViewController.swift in Sources */,
				73403EAA1CEDBB5200930A15 /* PopUpView.swift in Sources */,
				73403EAE1CEDBB5300930A15 /* PhotoAlbumMamager.swift in Sources */,
				73403EB51CEDBB5300930A15 /* BrowseCell.swift in Sources */,
				73403E1F1CED5A4700930A15 /* WebViewController.swift in Sources */,
				735834A51CEAAFFB00DB03BA /* AppDelegate.swift in Sources */,
			);
			runOnlyForDeploymentPostprocessing = 0;
		};
/* End PBXSourcesBuildPhase section */

/* Begin PBXVariantGroup section */
		735834A81CEAAFFB00DB03BA /* Main.storyboard */ = {
			isa = PBXVariantGroup;
			children = (
				735834A91CEAAFFB00DB03BA /* Base */,
			);
			name = Main.storyboard;
			sourceTree = "<group>";
		};
		735834B01CEAAFFB00DB03BA /* LaunchScreen.storyboard */ = {
			isa = PBXVariantGroup;
			children = (
				735834B11CEAAFFB00DB03BA /* Base */,
			);
			name = LaunchScreen.storyboard;
			sourceTree = "<group>";
		};
/* End PBXVariantGroup section */

/* Begin XCBuildConfiguration section */
		735834B41CEAAFFB00DB03BA /* Debug */ = {
			isa = XCBuildConfiguration;
			buildSettings = {
				ALWAYS_SEARCH_USER_PATHS = NO;
				CLANG_ANALYZER_NONNULL = YES;
				CLANG_CXX_LANGUAGE_STANDARD = "gnu++0x";
				CLANG_CXX_LIBRARY = "libc++";
				CLANG_ENABLE_MODULES = YES;
				CLANG_ENABLE_OBJC_ARC = YES;
				CLANG_WARN_BOOL_CONVERSION = YES;
				CLANG_WARN_CONSTANT_CONVERSION = YES;
				CLANG_WARN_DIRECT_OBJC_ISA_USAGE = YES_ERROR;
				CLANG_WARN_EMPTY_BODY = YES;
				CLANG_WARN_ENUM_CONVERSION = YES;
				CLANG_WARN_INT_CONVERSION = YES;
				CLANG_WARN_OBJC_ROOT_CLASS = YES_ERROR;
				CLANG_WARN_UNREACHABLE_CODE = YES;
				CLANG_WARN__DUPLICATE_METHOD_MATCH = YES;
				"CODE_SIGN_IDENTITY[sdk=iphoneos*]" = "iPhone Developer";
				COPY_PHASE_STRIP = NO;
				DEBUG_INFORMATION_FORMAT = dwarf;
				ENABLE_STRICT_OBJC_MSGSEND = YES;
				ENABLE_TESTABILITY = YES;
				GCC_C_LANGUAGE_STANDARD = gnu99;
				GCC_DYNAMIC_NO_PIC = NO;
				GCC_NO_COMMON_BLOCKS = YES;
				GCC_OPTIMIZATION_LEVEL = 0;
				GCC_PREPROCESSOR_DEFINITIONS = (
					"DEBUG=1",
					"$(inherited)",
				);
				GCC_WARN_64_TO_32_BIT_CONVERSION = YES;
				GCC_WARN_ABOUT_RETURN_TYPE = YES_ERROR;
				GCC_WARN_UNDECLARED_SELECTOR = YES;
				GCC_WARN_UNINITIALIZED_AUTOS = YES_AGGRESSIVE;
				GCC_WARN_UNUSED_FUNCTION = YES;
				GCC_WARN_UNUSED_VARIABLE = YES;
				IPHONEOS_DEPLOYMENT_TARGET = 9.3;
				MTL_ENABLE_DEBUG_INFO = YES;
				ONLY_ACTIVE_ARCH = YES;
				SDKROOT = iphoneos;
				SWIFT_OPTIMIZATION_LEVEL = "-Onone";
				TARGETED_DEVICE_FAMILY = "1,2";
			};
			name = Debug;
		};
		735834B51CEAAFFB00DB03BA /* Release */ = {
			isa = XCBuildConfiguration;
			buildSettings = {
				ALWAYS_SEARCH_USER_PATHS = NO;
				CLANG_ANALYZER_NONNULL = YES;
				CLANG_CXX_LANGUAGE_STANDARD = "gnu++0x";
				CLANG_CXX_LIBRARY = "libc++";
				CLANG_ENABLE_MODULES = YES;
				CLANG_ENABLE_OBJC_ARC = YES;
				CLANG_WARN_BOOL_CONVERSION = YES;
				CLANG_WARN_CONSTANT_CONVERSION = YES;
				CLANG_WARN_DIRECT_OBJC_ISA_USAGE = YES_ERROR;
				CLANG_WARN_EMPTY_BODY = YES;
				CLANG_WARN_ENUM_CONVERSION = YES;
				CLANG_WARN_INT_CONVERSION = YES;
				CLANG_WARN_OBJC_ROOT_CLASS = YES_ERROR;
				CLANG_WARN_UNREACHABLE_CODE = YES;
				CLANG_WARN__DUPLICATE_METHOD_MATCH = YES;
				"CODE_SIGN_IDENTITY[sdk=iphoneos*]" = "iPhone Developer";
				COPY_PHASE_STRIP = NO;
				DEBUG_INFORMATION_FORMAT = "dwarf-with-dsym";
				ENABLE_NS_ASSERTIONS = NO;
				ENABLE_STRICT_OBJC_MSGSEND = YES;
				GCC_C_LANGUAGE_STANDARD = gnu99;
				GCC_NO_COMMON_BLOCKS = YES;
				GCC_WARN_64_TO_32_BIT_CONVERSION = YES;
				GCC_WARN_ABOUT_RETURN_TYPE = YES_ERROR;
				GCC_WARN_UNDECLARED_SELECTOR = YES;
				GCC_WARN_UNINITIALIZED_AUTOS = YES_AGGRESSIVE;
				GCC_WARN_UNUSED_FUNCTION = YES;
				GCC_WARN_UNUSED_VARIABLE = YES;
				IPHONEOS_DEPLOYMENT_TARGET = 9.3;
				MTL_ENABLE_DEBUG_INFO = NO;
				SDKROOT = iphoneos;
				TARGETED_DEVICE_FAMILY = "1,2";
				VALIDATE_PRODUCT = YES;
			};
			name = Release;
		};
		735834B71CEAAFFB00DB03BA /* Debug */ = {
			isa = XCBuildConfiguration;
			baseConfigurationReference = FDA36534AE7071ACB7967460 /* Pods.debug.xcconfig */;
			buildSettings = {
				ASSETCATALOG_COMPILER_APPICON_NAME = AppIcon;
				CODE_SIGN_IDENTITY = "iPhone Developer";
				"CODE_SIGN_IDENTITY[sdk=iphoneos*]" = "iPhone Developer";
				INFOPLIST_FILE = QRCodeScanning/Info.plist;
				LD_RUNPATH_SEARCH_PATHS = "$(inherited) @executable_path/Frameworks";
				PRODUCT_BUNDLE_IDENTIFIER = wenzhongbin.QRCodeScanning;
				PRODUCT_NAME = "$(TARGET_NAME)";
				PROVISIONING_PROFILE = "";
			};
			name = Debug;
		};
		735834B81CEAAFFB00DB03BA /* Release */ = {
			isa = XCBuildConfiguration;
			baseConfigurationReference = 33F8E69DC37FAB1A470B4743 /* Pods.release.xcconfig */;
			buildSettings = {
				ASSETCATALOG_COMPILER_APPICON_NAME = AppIcon;
				CODE_SIGN_IDENTITY = "iPhone Developer";
				"CODE_SIGN_IDENTITY[sdk=iphoneos*]" = "iPhone Developer";
				INFOPLIST_FILE = QRCodeScanning/Info.plist;
				LD_RUNPATH_SEARCH_PATHS = "$(inherited) @executable_path/Frameworks";
				PRODUCT_BUNDLE_IDENTIFIER = wenzhongbin.QRCodeScanning;
				PRODUCT_NAME = "$(TARGET_NAME)";
				PROVISIONING_PROFILE = "";
			};
			name = Release;
		};
/* End XCBuildConfiguration section */

/* Begin XCConfigurationList section */
		7358349C1CEAAFFB00DB03BA /* Build configuration list for PBXProject "QRCodeScanning" */ = {
			isa = XCConfigurationList;
			buildConfigurations = (
				735834B41CEAAFFB00DB03BA /* Debug */,
				735834B51CEAAFFB00DB03BA /* Release */,
			);
			defaultConfigurationIsVisible = 0;
			defaultConfigurationName = Release;
		};
		735834B61CEAAFFB00DB03BA /* Build configuration list for PBXNativeTarget "QRCodeScanning" */ = {
			isa = XCConfigurationList;
			buildConfigurations = (
				735834B71CEAAFFB00DB03BA /* Debug */,
				735834B81CEAAFFB00DB03BA /* Release */,
			);
			defaultConfigurationIsVisible = 0;
			defaultConfigurationName = Release;
		};
/* End XCConfigurationList section */

/* Begin XCVersionGroup section */
		735834AB1CEAAFFB00DB03BA /* QRCodeScanning.xcdatamodeld */ = {
			isa = XCVersionGroup;
			children = (
				735834AC1CEAAFFB00DB03BA /* QRCodeScanning.xcdatamodel */,
			);
			currentVersion = 735834AC1CEAAFFB00DB03BA /* QRCodeScanning.xcdatamodel */;
			path = QRCodeScanning.xcdatamodeld;
			sourceTree = "<group>";
			versionGroupType = wrapper.xcdatamodel;
		};
/* End XCVersionGroup section */
	};
	rootObject = 735834991CEAAFFB00DB03BA /* Project object */;
}
